// !$*UTF8*$!
{
	archiveVersion = 1;
	classes = {
	};
	objectVersion = 48;
	objects = {

/* Begin PBXBuildFile section */
		2A9AD53A692A6FA13D2BF2AF /* Pods_Todoe.framework in Frameworks */ = {isa = PBXBuildFile; fileRef = 29FCE06E5572AFE65DF29D65 /* Pods_Todoe.framework */; };
		85E79441204AFA130017E210 /* AppDelegate.swift in Sources */ = {isa = PBXBuildFile; fileRef = 85E79440204AFA130017E210 /* AppDelegate.swift */; };
		85E79443204AFA130017E210 /* TodoListViewController.swift in Sources */ = {isa = PBXBuildFile; fileRef = 85E79442204AFA130017E210 /* TodoListViewController.swift */; };
		85E79446204AFA130017E210 /* Main.storyboard in Resources */ = {isa = PBXBuildFile; fileRef = 85E79444204AFA130017E210 /* Main.storyboard */; };
		85E79448204AFA130017E210 /* Assets.xcassets in Resources */ = {isa = PBXBuildFile; fileRef = 85E79447204AFA130017E210 /* Assets.xcassets */; };
		85E7944B204AFA130017E210 /* LaunchScreen.storyboard in Resources */ = {isa = PBXBuildFile; fileRef = 85E79449204AFA130017E210 /* LaunchScreen.storyboard */; };
		85E7947B204D1E440017E210 /* DataModel.xcdatamodeld in Sources */ = {isa = PBXBuildFile; fileRef = 85E79479204D1E440017E210 /* DataModel.xcdatamodeld */; };
		85E79481205035BC0017E210 /* CategoryViewController.swift in Sources */ = {isa = PBXBuildFile; fileRef = 85E79480205035BC0017E210 /* CategoryViewController.swift */; };
/* End PBXBuildFile section */

/* Begin PBXFileReference section */
		1666C905CA984D7ED502C639 /* Pods-Todoe.debug.xcconfig */ = {isa = PBXFileReference; includeInIndex = 1; lastKnownFileType = text.xcconfig; name = "Pods-Todoe.debug.xcconfig"; path = "Pods/Target Support Files/Pods-Todoe/Pods-Todoe.debug.xcconfig"; sourceTree = "<group>"; };
		29FCE06E5572AFE65DF29D65 /* Pods_Todoe.framework */ = {isa = PBXFileReference; explicitFileType = wrapper.framework; includeInIndex = 0; path = Pods_Todoe.framework; sourceTree = BUILT_PRODUCTS_DIR; };
		2F7AD4A2AF87C6B544F37462 /* Pods-Todoe.release.xcconfig */ = {isa = PBXFileReference; includeInIndex = 1; lastKnownFileType = text.xcconfig; name = "Pods-Todoe.release.xcconfig"; path = "Pods/Target Support Files/Pods-Todoe/Pods-Todoe.release.xcconfig"; sourceTree = "<group>"; };
		85E7943D204AFA130017E210 /* Todoe.app */ = {isa = PBXFileReference; explicitFileType = wrapper.application; includeInIndex = 0; path = Todoe.app; sourceTree = BUILT_PRODUCTS_DIR; };
		85E79440204AFA130017E210 /* AppDelegate.swift */ = {isa = PBXFileReference; lastKnownFileType = sourcecode.swift; path = AppDelegate.swift; sourceTree = "<group>"; };
		85E79442204AFA130017E210 /* TodoListViewController.swift */ = {isa = PBXFileReference; lastKnownFileType = sourcecode.swift; path = TodoListViewController.swift; sourceTree = "<group>"; };
		85E79445204AFA130017E210 /* Base */ = {isa = PBXFileReference; lastKnownFileType = file.storyboard; name = Base; path = Base.lproj/Main.storyboard; sourceTree = "<group>"; };
		85E79447204AFA130017E210 /* Assets.xcassets */ = {isa = PBXFileReference; lastKnownFileType = folder.assetcatalog; path = Assets.xcassets; sourceTree = "<group>"; };
		85E7944A204AFA130017E210 /* Base */ = {isa = PBXFileReference; lastKnownFileType = file.storyboard; name = Base; path = Base.lproj/LaunchScreen.storyboard; sourceTree = "<group>"; };
		85E7944C204AFA130017E210 /* Info.plist */ = {isa = PBXFileReference; lastKnownFileType = text.plist.xml; path = Info.plist; sourceTree = "<group>"; };
		85E7947A204D1E440017E210 /* DataModel.xcdatamodel */ = {isa = PBXFileReference; lastKnownFileType = wrapper.xcdatamodel; path = DataModel.xcdatamodel; sourceTree = "<group>"; };
		85E79480205035BC0017E210 /* CategoryViewController.swift */ = {isa = PBXFileReference; lastKnownFileType = sourcecode.swift; path = CategoryViewController.swift; sourceTree = "<group>"; };
/* End PBXFileReference section */

/* Begin PBXFrameworksBuildPhase section */
		85E7943A204AFA130017E210 /* Frameworks */ = {
			isa = PBXFrameworksBuildPhase;
			buildActionMask = 2147483647;
			files = (
				2A9AD53A692A6FA13D2BF2AF /* Pods_Todoe.framework in Frameworks */,
			);
			runOnlyForDeploymentPostprocessing = 0;
		};
/* End PBXFrameworksBuildPhase section */

/* Begin PBXGroup section */
		4DD690E7370B5907981ED5EF /* Frameworks */ = {
			isa = PBXGroup;
			children = (
				29FCE06E5572AFE65DF29D65 /* Pods_Todoe.framework */,
			);
			name = Frameworks;
			sourceTree = "<group>";
		};
		85E79434204AFA130017E210 = {
			isa = PBXGroup;
			children = (
				85E7943F204AFA130017E210 /* Todoe */,
				85E7943E204AFA130017E210 /* Products */,
				C5A220F0BD261D2828DEC5F9 /* Pods */,
				4DD690E7370B5907981ED5EF /* Frameworks */,
			);
			sourceTree = "<group>";
		};
		85E7943E204AFA130017E210 /* Products */ = {
			isa = PBXGroup;
			children = (
				85E7943D204AFA130017E210 /* Todoe.app */,
			);
			name = Products;
			sourceTree = "<group>";
		};
		85E7943F204AFA130017E210 /* Todoe */ = {
			isa = PBXGroup;
			children = (
				85E79440204AFA130017E210 /* AppDelegate.swift */,
				85E79455204C31000017E210 /* Controllers */,
				85E79454204C30CC0017E210 /* Data Model */,
				85E79456204C310C0017E210 /* Views */,
				85E79457204C31150017E210 /* Supporting Files */,
				85E7944C204AFA130017E210 /* Info.plist */,
			);
			path = Todoe;
			sourceTree = "<group>";
		};
		85E79454204C30CC0017E210 /* Data Model */ = {
			isa = PBXGroup;
			children = (
				85E79479204D1E440017E210 /* DataModel.xcdatamodeld */,
			);
			path = "Data Model";
			sourceTree = "<group>";
		};
		85E79455204C31000017E210 /* Controllers */ = {
			isa = PBXGroup;
			children = (
				85E79480205035BC0017E210 /* CategoryViewController.swift */,
				85E79442204AFA130017E210 /* TodoListViewController.swift */,
			);
			path = Controllers;
			sourceTree = "<group>";
		};
		85E79456204C310C0017E210 /* Views */ = {
			isa = PBXGroup;
			children = (
				85E79444204AFA130017E210 /* Main.storyboard */,
			);
			path = Views;
			sourceTree = "<group>";
		};
		85E79457204C31150017E210 /* Supporting Files */ = {
			isa = PBXGroup;
			children = (
				85E79447204AFA130017E210 /* Assets.xcassets */,
				85E79449204AFA130017E210 /* LaunchScreen.storyboard */,
			);
			path = "Supporting Files";
			sourceTree = "<group>";
		};
		C5A220F0BD261D2828DEC5F9 /* Pods */ = {
			isa = PBXGroup;
			children = (
				1666C905CA984D7ED502C639 /* Pods-Todoe.debug.xcconfig */,
				2F7AD4A2AF87C6B544F37462 /* Pods-Todoe.release.xcconfig */,
			);
			name = Pods;
			sourceTree = "<group>";
		};
/* End PBXGroup section */

/* Begin PBXNativeTarget section */
		85E7943C204AFA130017E210 /* Todoe */ = {
			isa = PBXNativeTarget;
			buildConfigurationList = 85E7944F204AFA130017E210 /* Build configuration list for PBXNativeTarget "Todoe" */;
			buildPhases = (
				2E775E51A708D604CFC921B3 /* [CP] Check Pods Manifest.lock */,
				85E79439204AFA130017E210 /* Sources */,
				85E7943A204AFA130017E210 /* Frameworks */,
				85E7943B204AFA130017E210 /* Resources */,
				C61519F32B3FB301551D6D94 /* [CP] Embed Pods Frameworks */,
				A104219D50DE21BA6B9263E9 /* [CP] Copy Pods Resources */,
			);
			buildRules = (
			);
			dependencies = (
			);
			name = Todoe;
			productName = Todoe;
			productReference = 85E7943D204AFA130017E210 /* Todoe.app */;
			productType = "com.apple.product-type.application";
		};
/* End PBXNativeTarget section */

/* Begin PBXProject section */
		85E79435204AFA130017E210 /* Project object */ = {
			isa = PBXProject;
			attributes = {
				LastSwiftUpdateCheck = 0920;
				LastUpgradeCheck = 0920;
				ORGANIZATIONNAME = "Vedant Dulori";
				TargetAttributes = {
					85E7943C204AFA130017E210 = {
						CreatedOnToolsVersion = 9.2;
						ProvisioningStyle = Automatic;
					};
				};
			};
			buildConfigurationList = 85E79438204AFA130017E210 /* Build configuration list for PBXProject "Todoe" */;
			compatibilityVersion = "Xcode 8.0";
			developmentRegion = en;
			hasScannedForEncodings = 0;
			knownRegions = (
				en,
				Base,
			);
			mainGroup = 85E79434204AFA130017E210;
			productRefGroup = 85E7943E204AFA130017E210 /* Products */;
			projectDirPath = "";
			projectRoot = "";
			targets = (
				85E7943C204AFA130017E210 /* Todoe */,
			);
		};
/* End PBXProject section */

/* Begin PBXResourcesBuildPhase section */
		85E7943B204AFA130017E210 /* Resources */ = {
			isa = PBXResourcesBuildPhase;
			buildActionMask = 2147483647;
			files = (
				85E7944B204AFA130017E210 /* LaunchScreen.storyboard in Resources */,
				85E79448204AFA130017E210 /* Assets.xcassets in Resources */,
				85E79446204AFA130017E210 /* Main.storyboard in Resources */,
			);
			runOnlyForDeploymentPostprocessing = 0;
		};
/* End PBXResourcesBuildPhase section */

/* Begin PBXShellScriptBuildPhase section */
		2E775E51A708D604CFC921B3 /* [CP] Check Pods Manifest.lock */ = {
			isa = PBXShellScriptBuildPhase;
			buildActionMask = 2147483647;
			files = (
			);
			inputPaths = (
				"${PODS_PODFILE_DIR_PATH}/Podfile.lock",
				"${PODS_ROOT}/Manifest.lock",
			);
			name = "[CP] Check Pods Manifest.lock";
			outputPaths = (
				"$(DERIVED_FILE_DIR)/Pods-Todoe-checkManifestLockResult.txt",
			);
			runOnlyForDeploymentPostprocessing = 0;
			shellPath = /bin/sh;
			shellScript = "diff \"${PODS_PODFILE_DIR_PATH}/Podfile.lock\" \"${PODS_ROOT}/Manifest.lock\" > /dev/null\nif [ $? != 0 ] ; then\n    # print error to STDERR\n    echo \"error: The sandbox is not in sync with the Podfile.lock. Run 'pod install' or update your CocoaPods installation.\" >&2\n    exit 1\nfi\n# This output is used by Xcode 'outputs' to avoid re-running this script phase.\necho \"SUCCESS\" > \"${SCRIPT_OUTPUT_FILE_0}\"\n";
			showEnvVarsInLog = 0;
		};
		A104219D50DE21BA6B9263E9 /* [CP] Copy Pods Resources */ = {
			isa = PBXShellScriptBuildPhase;
			buildActionMask = 2147483647;
			files = (
			);
			inputPaths = (
			);
			name = "[CP] Copy Pods Resources";
			outputPaths = (
			);
			runOnlyForDeploymentPostprocessing = 0;
			shellPath = /bin/sh;
			shellScript = "\"${SRCROOT}/Pods/Target Support Files/Pods-Todoe/Pods-Todoe-resources.sh\"\n";
			showEnvVarsInLog = 0;
		};
		C61519F32B3FB301551D6D94 /* [CP] Embed Pods Frameworks */ = {
			isa = PBXShellScriptBuildPhase;
			buildActionMask = 2147483647;
			files = (
			);
			inputPaths = (
				"${SRCROOT}/Pods/Target Support Files/Pods-Todoe/Pods-Todoe-frameworks.sh",
				"${BUILT_PRODUCTS_DIR}/Realm/Realm.framework",
				"${BUILT_PRODUCTS_DIR}/RealmSwift/RealmSwift.framework",
			);
			name = "[CP] Embed Pods Frameworks";
			outputPaths = (
				"${TARGET_BUILD_DIR}/${FRAMEWORKS_FOLDER_PATH}/Realm.framework",
				"${TARGET_BUILD_DIR}/${FRAMEWORKS_FOLDER_PATH}/RealmSwift.framework",
			);
			runOnlyForDeploymentPostprocessing = 0;
			shellPath = /bin/sh;
			shellScript = "\"${SRCROOT}/Pods/Target Support Files/Pods-Todoe/Pods-Todoe-frameworks.sh\"\n";
			showEnvVarsInLog = 0;
		};
/* End PBXShellScriptBuildPhase section */

/* Begin PBXSourcesBuildPhase section */
		85E79439204AFA130017E210 /* Sources */ = {
			isa = PBXSourcesBuildPhase;
			buildActionMask = 2147483647;
			files = (
				85E79481205035BC0017E210 /* CategoryViewController.swift in Sources */,
				85E79443204AFA130017E210 /* TodoListViewController.swift in Sources */,
				85E7947B204D1E440017E210 /* DataModel.xcdatamodeld in Sources */,
				85E79441204AFA130017E210 /* AppDelegate.swift in Sources */,
			);
			runOnlyForDeploymentPostprocessing = 0;
		};
/* End PBXSourcesBuildPhase section */

/* Begin PBXVariantGroup section */
		85E79444204AFA130017E210 /* Main.storyboard */ = {
			isa = PBXVariantGroup;
			children = (
				85E79445204AFA130017E210 /* Base */,
			);
			name = Main.storyboard;
			sourceTree = "<group>";
		};
		85E79449204AFA130017E210 /* LaunchScreen.storyboard */ = {
			isa = PBXVariantGroup;
			children = (
				85E7944A204AFA130017E210 /* Base */,
			);
			name = LaunchScreen.storyboard;
			sourceTree = "<group>";
		};
/* End PBXVariantGroup section */

/* Begin XCBuildConfiguration section */
		85E7944D204AFA130017E210 /* Debug */ = {
			isa = XCBuildConfiguration;
			buildSettings = {
				ALWAYS_SEARCH_USER_PATHS = NO;
				CLANG_ANALYZER_NONNULL = YES;
				CLANG_ANALYZER_NUMBER_OBJECT_CONVERSION = YES_AGGRESSIVE;
				CLANG_CXX_LANGUAGE_STANDARD = "gnu++14";
				CLANG_CXX_LIBRARY = "libc++";
				CLANG_ENABLE_MODULES = YES;
				CLANG_ENABLE_OBJC_ARC = YES;
				CLANG_WARN_BLOCK_CAPTURE_AUTORELEASING = YES;
				CLANG_WARN_BOOL_CONVERSION = YES;
				CLANG_WARN_COMMA = YES;
				CLANG_WARN_CONSTANT_CONVERSION = YES;
				CLANG_WARN_DIRECT_OBJC_ISA_USAGE = YES_ERROR;
				CLANG_WARN_DOCUMENTATION_COMMENTS = YES;
				CLANG_WARN_EMPTY_BODY = YES;
				CLANG_WARN_ENUM_CONVERSION = YES;
				CLANG_WARN_INFINITE_RECURSION = YES;
				CLANG_WARN_INT_CONVERSION = YES;
				CLANG_WARN_NON_LITERAL_NULL_CONVERSION = YES;
				CLANG_WARN_OBJC_LITERAL_CONVERSION = YES;
				CLANG_WARN_OBJC_ROOT_CLASS = YES_ERROR;
				CLANG_WARN_RANGE_LOOP_ANALYSIS = YES;
				CLANG_WARN_STRICT_PROTOTYPES = YES;
				CLANG_WARN_SUSPICIOUS_MOVE = YES;
				CLANG_WARN_UNGUARDED_AVAILABILITY = YES_AGGRESSIVE;
				CLANG_WARN_UNREACHABLE_CODE = YES;
				CLANG_WARN__DUPLICATE_METHOD_MATCH = YES;
				CODE_SIGN_IDENTITY = "iPhone Developer";
				COPY_PHASE_STRIP = NO;
				DEBUG_INFORMATION_FORMAT = dwarf;
				ENABLE_STRICT_OBJC_MSGSEND = YES;
				ENABLE_TESTABILITY = YES;
				GCC_C_LANGUAGE_STANDARD = gnu11;
				GCC_DYNAMIC_NO_PIC = NO;
				GCC_NO_COMMON_BLOCKS = YES;
				GCC_OPTIMIZATION_LEVEL = 0;
				GCC_PREPROCESSOR_DEFINITIONS = (
					"DEBUG=1",
					"$(inherited)",
				);
				GCC_WARN_64_TO_32_BIT_CONVERSION = YES;
				GCC_WARN_ABOUT_RETURN_TYPE = YES_ERROR;
				GCC_WARN_UNDECLARED_SELECTOR = YES;
				GCC_WARN_UNINITIALIZED_AUTOS = YES_AGGRESSIVE;
				GCC_WARN_UNUSED_FUNCTION = YES;
				GCC_WARN_UNUSED_VARIABLE = YES;
				IPHONEOS_DEPLOYMENT_TARGET = 11.2;
				MTL_ENABLE_DEBUG_INFO = YES;
				ONLY_ACTIVE_ARCH = YES;
				SDKROOT = iphoneos;
				SWIFT_ACTIVE_COMPILATION_CONDITIONS = DEBUG;
				SWIFT_OPTIMIZATION_LEVEL = "-Onone";
			};
			name = Debug;
		};
		85E7944E204AFA130017E210 /* Release */ = {
			isa = XCBuildConfiguration;
			buildSettings = {
				ALWAYS_SEARCH_USER_PATHS = NO;
				CLANG_ANALYZER_NONNULL = YES;
				CLANG_ANALYZER_NUMBER_OBJECT_CONVERSION = YES_AGGRESSIVE;
				CLANG_CXX_LANGUAGE_STANDARD = "gnu++14";
				CLANG_CXX_LIBRARY = "libc++";
				CLANG_ENABLE_MODULES = YES;
				CLANG_ENABLE_OBJC_ARC = YES;
				CLANG_WARN_BLOCK_CAPTURE_AUTORELEASING = YES;
				CLANG_WARN_BOOL_CONVERSION = YES;
				CLANG_WARN_COMMA = YES;
				CLANG_WARN_CONSTANT_CONVERSION = YES;
				CLANG_WARN_DIRECT_OBJC_ISA_USAGE = YES_ERROR;
				CLANG_WARN_DOCUMENTATION_COMMENTS = YES;
				CLANG_WARN_EMPTY_BODY = YES;
				CLANG_WARN_ENUM_CONVERSION = YES;
				CLANG_WARN_INFINITE_RECURSION = YES;
				CLANG_WARN_INT_CONVERSION = YES;
				CLANG_WARN_NON_LITERAL_NULL_CONVERSION = YES;
				CLANG_WARN_OBJC_LITERAL_CONVERSION = YES;
				CLANG_WARN_OBJC_ROOT_CLASS = YES_ERROR;
				CLANG_WARN_RANGE_LOOP_ANALYSIS = YES;
				CLANG_WARN_STRICT_PROTOTYPES = YES;
				CLANG_WARN_SUSPICIOUS_MOVE = YES;
				CLANG_WARN_UNGUARDED_AVAILABILITY = YES_AGGRESSIVE;
				CLANG_WARN_UNREACHABLE_CODE = YES;
				CLANG_WARN__DUPLICATE_METHOD_MATCH = YES;
				CODE_SIGN_IDENTITY = "iPhone Developer";
				COPY_PHASE_STRIP = NO;
				DEBUG_INFORMATION_FORMAT = "dwarf-with-dsym";
				ENABLE_NS_ASSERTIONS = NO;
				ENABLE_STRICT_OBJC_MSGSEND = YES;
				GCC_C_LANGUAGE_STANDARD = gnu11;
				GCC_NO_COMMON_BLOCKS = YES;
				GCC_WARN_64_TO_32_BIT_CONVERSION = YES;
				GCC_WARN_ABOUT_RETURN_TYPE = YES_ERROR;
				GCC_WARN_UNDECLARED_SELECTOR = YES;
				GCC_WARN_UNINITIALIZED_AUTOS = YES_AGGRESSIVE;
				GCC_WARN_UNUSED_FUNCTION = YES;
				GCC_WARN_UNUSED_VARIABLE = YES;
				IPHONEOS_DEPLOYMENT_TARGET = 11.2;
				MTL_ENABLE_DEBUG_INFO = NO;
				SDKROOT = iphoneos;
				SWIFT_OPTIMIZATION_LEVEL = "-Owholemodule";
				VALIDATE_PRODUCT = YES;
			};
			name = Release;
		};
		85E79450204AFA130017E210 /* Debug */ = {
			isa = XCBuildConfiguration;
			baseConfigurationReference = 1666C905CA984D7ED502C639 /* Pods-Todoe.debug.xcconfig */;
			buildSettings = {
				ASSETCATALOG_COMPILER_APPICON_NAME = AppIcon;
				CODE_SIGN_STYLE = Automatic;
				DEVELOPMENT_TEAM = D8JVQ5V9KW;
				INFOPLIST_FILE = Todoe/Info.plist;
				LD_RUNPATH_SEARCH_PATHS = "$(inherited) @executable_path/Frameworks";
				PRODUCT_BUNDLE_IDENTIFIER = com.vedantdulori.Todoe;
				PRODUCT_NAME = "$(TARGET_NAME)";
				SWIFT_VERSION = 4.0;
				TARGETED_DEVICE_FAMILY = "1,2";
			};
			name = Debug;
		};
		85E79451204AFA130017E210 /* Release */ = {
			isa = XCBuildConfiguration;
			baseConfigurationReference = 2F7AD4A2AF87C6B544F37462 /* Pods-Todoe.release.xcconfig */;
			buildSettings = {
				ASSETCATALOG_COMPILER_APPICON_NAME = AppIcon;
				CODE_SIGN_STYLE = Automatic;
				DEVELOPMENT_TEAM = D8JVQ5V9KW;
				INFOPLIST_FILE = Todoe/Info.plist;
				LD_RUNPATH_SEARCH_PATHS = "$(inherited) @executable_path/Frameworks";
				PRODUCT_BUNDLE_IDENTIFIER = com.vedantdulori.Todoe;
				PRODUCT_NAME = "$(TARGET_NAME)";
				SWIFT_VERSION = 4.0;
				TARGETED_DEVICE_FAMILY = "1,2";
			};
			name = Release;
		};
/* End XCBuildConfiguration section */

/* Begin XCConfigurationList section */
		85E79438204AFA130017E210 /* Build configuration list for PBXProject "Todoe" */ = {
			isa = XCConfigurationList;
			buildConfigurations = (
				85E7944D204AFA130017E210 /* Debug */,
				85E7944E204AFA130017E210 /* Release */,
			);
			defaultConfigurationIsVisible = 0;
			defaultConfigurationName = Release;
		};
		85E7944F204AFA130017E210 /* Build configuration list for PBXNativeTarget "Todoe" */ = {
			isa = XCConfigurationList;
			buildConfigurations = (
				85E79450204AFA130017E210 /* Debug */,
				85E79451204AFA130017E210 /* Release */,
			);
			defaultConfigurationIsVisible = 0;
			defaultConfigurationName = Release;
		};
/* End XCConfigurationList section */

/* Begin XCVersionGroup section */
		85E79479204D1E440017E210 /* DataModel.xcdatamodeld */ = {
			isa = XCVersionGroup;
			children = (
				85E7947A204D1E440017E210 /* DataModel.xcdatamodel */,
			);
			currentVersion = 85E7947A204D1E440017E210 /* DataModel.xcdatamodel */;
			path = DataModel.xcdatamodeld;
			sourceTree = "<group>";
			versionGroupType = wrapper.xcdatamodel;
		};
/* End XCVersionGroup section */
	};
	rootObject = 85E79435204AFA130017E210 /* Project object */;
}
